
Microsoft Visual Studio Solution File, Format Version 12.00
# Visual Studio 15
VisualStudioVersion = 15.0.33801.198
MinimumVisualStudioVersion = 10.0.40219.1
Project("{FAE04EC0-301F-11D3-BF4B-00C04F79EFBC}") = "Intersvyaz", "src\Intersvyaz\Intersvyaz.csproj", "{06793BA6-51AC-4451-9686-683F64F6B257}"
EndProject
Project("{9A19103F-16F7-4668-BE54-9A1E7A4F7556}") = "Intersvyaz.Net", "src\Intersvyaz.Net\Intersvyaz.Net.csproj", "{D53E9B31-82CA-4B3B-A6BA-9F4B9353ABB1}"
EndProject
Project("{FAE04EC0-301F-11D3-BF4B-00C04F79EFBC}") = "Intersvyaz.Core", "src\Intersvyaz.Core\Intersvyaz.Core.csproj", "{FBE4CED9-3007-44B4-AABB-E49916DA09C1}"
EndProject
Global
	GlobalSection(SolutionConfigurationPlatforms) = preSolution
		Debug|Any CPU = Debug|Any CPU
		Debug|ARM = Debug|ARM
		Debug|ARM64 = Debug|ARM64
		Debug|x64 = Debug|x64
		Debug|x86 = Debug|x86
		Release|Any CPU = Release|Any CPU
		Release|ARM = Release|ARM
		Release|ARM64 = Release|ARM64
		Release|x64 = Release|x64
		Release|x86 = Release|x86
	EndGlobalSection
	GlobalSection(ProjectConfigurationPlatforms) = postSolution
		{06793BA6-51AC-4451-9686-683F64F6B257}.Debug|Any CPU.ActiveCfg = Debug|x86
		{06793BA6-51AC-4451-9686-683F64F6B257}.Debug|ARM.ActiveCfg = Debug|ARM
		{06793BA6-51AC-4451-9686-683F64F6B257}.Debug|ARM.Build.0 = Debug|ARM
		{06793BA6-51AC-4451-9686-683F64F6B257}.Debug|ARM.Deploy.0 = Debug|ARM
		{06793BA6-51AC-4451-9686-683F64F6B257}.Debug|ARM64.ActiveCfg = Debug|ARM64
		{06793BA6-51AC-4451-9686-683F64F6B257}.Debug|ARM64.Build.0 = Debug|ARM64
		{06793BA6-51AC-4451-9686-683F64F6B257}.Debug|ARM64.Deploy.0 = Debug|ARM64
		{06793BA6-51AC-4451-9686-683F64F6B257}.Debug|x64.ActiveCfg = Debug|x64
		{06793BA6-51AC-4451-9686-683F64F6B257}.Debug|x64.Build.0 = Debug|x64
		{06793BA6-51AC-4451-9686-683F64F6B257}.Debug|x64.Deploy.0 = Debug|x64
		{06793BA6-51AC-4451-9686-683F64F6B257}.Debug|x86.ActiveCfg = Debug|x86
		{06793BA6-51AC-4451-9686-683F64F6B257}.Debug|x86.Build.0 = Debug|x86
		{06793BA6-51AC-4451-9686-683F64F6B257}.Debug|x86.Deploy.0 = Debug|x86
		{06793BA6-51AC-4451-9686-683F64F6B257}.Release|Any CPU.ActiveCfg = Release|x86
		{06793BA6-51AC-4451-9686-683F64F6B257}.Release|ARM.ActiveCfg = Release|ARM
		{06793BA6-51AC-4451-9686-683F64F6B257}.Release|ARM.Build.0 = Release|ARM
		{06793BA6-51AC-4451-9686-683F64F6B257}.Release|ARM.Deploy.0 = Release|ARM
		{06793BA6-51AC-4451-9686-683F64F6B257}.Release|ARM64.ActiveCfg = Release|ARM64
		{06793BA6-51AC-4451-9686-683F64F6B257}.Release|ARM64.Build.0 = Release|ARM64
		{06793BA6-51AC-4451-9686-683F64F6B257}.Release|ARM64.Deploy.0 = Release|ARM64
		{06793BA6-51AC-4451-9686-683F64F6B257}.Release|x64.ActiveCfg = Release|x64
		{06793BA6-51AC-4451-9686-683F64F6B257}.Release|x64.Build.0 = Release|x64
		{06793BA6-51AC-4451-9686-683F64F6B257}.Release|x64.Deploy.0 = Release|x64
		{06793BA6-51AC-4451-9686-683F64F6B257}.Release|x86.ActiveCfg = Release|x86
		{06793BA6-51AC-4451-9686-683F64F6B257}.Release|x86.Build.0 = Release|x86
		{06793BA6-51AC-4451-9686-683F64F6B257}.Release|x86.Deploy.0 = Release|x86
		{D53E9B31-82CA-4B3B-A6BA-9F4B9353ABB1}.Debug|Any CPU.ActiveCfg = Debug|Any CPU
		{D53E9B31-82CA-4B3B-A6BA-9F4B9353ABB1}.Debug|Any CPU.Build.0 = Debug|Any CPU
		{D53E9B31-82CA-4B3B-A6BA-9F4B9353ABB1}.Debug|ARM.ActiveCfg = Debug|Any CPU
		{D53E9B31-82CA-4B3B-A6BA-9F4B9353ABB1}.Debug|ARM.Build.0 = Debug|Any CPU
		{D53E9B31-82CA-4B3B-A6BA-9F4B9353ABB1}.Debug|ARM64.ActiveCfg = Debug|Any CPU
		{D53E9B31-82CA-4B3B-A6BA-9F4B9353ABB1}.Debug|ARM64.Build.0 = Debug|Any CPU
		{D53E9B31-82CA-4B3B-A6BA-9F4B9353ABB1}.Debug|x64.ActiveCfg = Debug|Any CPU
		{D53E9B31-82CA-4B3B-A6BA-9F4B9353ABB1}.Debug|x64.Build.0 = Debug|Any CPU
		{D53E9B31-82CA-4B3B-A6BA-9F4B9353ABB1}.Debug|x86.ActiveCfg = Debug|Any CPU
		{D53E9B31-82CA-4B3B-A6BA-9F4B9353ABB1}.Debug|x86.Build.0 = Debug|Any CPU
		{D53E9B31-82CA-4B3B-A6BA-9F4B9353ABB1}.Release|Any CPU.ActiveCfg = Release|Any CPU
		{D53E9B31-82CA-4B3B-A6BA-9F4B9353ABB1}.Release|Any CPU.Build.0 = Release|Any CPU
		{D53E9B31-82CA-4B3B-A6BA-9F4B9353ABB1}.Release|ARM.ActiveCfg = Release|Any CPU
		{D53E9B31-82CA-4B3B-A6BA-9F4B9353ABB1}.Release|ARM.Build.0 = Release|Any CPU
		{D53E9B31-82CA-4B3B-A6BA-9F4B9353ABB1}.Release|ARM64.ActiveCfg = Release|Any CPU
		{D53E9B31-82CA-4B3B-A6BA-9F4B9353ABB1}.Release|ARM64.Build.0 = Release|Any CPU
		{D53E9B31-82CA-4B3B-A6BA-9F4B9353ABB1}.Release|x64.ActiveCfg = Release|Any CPU
		{D53E9B31-82CA-4B3B-A6BA-9F4B9353ABB1}.Release|x64.Build.0 = Release|Any CPU
		{D53E9B31-82CA-4B3B-A6BA-9F4B9353ABB1}.Release|x86.ActiveCfg = Release|Any CPU
		{D53E9B31-82CA-4B3B-A6BA-9F4B9353ABB1}.Release|x86.Build.0 = Release|Any CPU
		{FBE4CED9-3007-44B4-AABB-E49916DA09C1}.Debug|Any CPU.ActiveCfg = Debug|Any CPU
		{FBE4CED9-3007-44B4-AABB-E49916DA09C1}.Debug|Any CPU.Build.0 = Debug|Any CPU
		{FBE4CED9-3007-44B4-AABB-E49916DA09C1}.Debug|ARM.ActiveCfg = Debug|ARM
		{FBE4CED9-3007-44B4-AABB-E49916DA09C1}.Debug|ARM.Build.0 = Debug|ARM
		{FBE4CED9-3007-44B4-AABB-E49916DA09C1}.Debug|ARM64.ActiveCfg = Debug|ARM64
		{FBE4CED9-3007-44B4-AABB-E49916DA09C1}.Debug|ARM64.Build.0 = Debug|ARM64
		{FBE4CED9-3007-44B4-AABB-E49916DA09C1}.Debug|x64.ActiveCfg = Debug|x64
		{FBE4CED9-3007-44B4-AABB-E49916DA09C1}.Debug|x64.Build.0 = Debug|x64
		{FBE4CED9-3007-44B4-AABB-E49916DA09C1}.Debug|x86.ActiveCfg = Debug|x86
		{FBE4CED9-3007-44B4-AABB-E49916DA09C1}.Debug|x86.Build.0 = Debug|x86
		{FBE4CED9-3007-44B4-AABB-E49916DA09C1}.Release|Any CPU.ActiveCfg = Release|Any CPU
		{FBE4CED9-3007-44B4-AABB-E49916DA09C1}.Release|Any CPU.Build.0 = Release|Any CPU
		{FBE4CED9-3007-44B4-AABB-E49916DA09C1}.Release|ARM.ActiveCfg = Release|ARM
		{FBE4CED9-3007-44B4-AABB-E49916DA09C1}.Release|ARM.Build.0 = Release|ARM
		{FBE4CED9-3007-44B4-AABB-E49916DA09C1}.Release|ARM64.ActiveCfg = Release|ARM64
		{FBE4CED9-3007-44B4-AABB-E49916DA09C1}.Release|ARM64.Build.0 = Release|ARM64
		{FBE4CED9-3007-44B4-AABB-E49916DA09C1}.Release|x64.ActiveCfg = Release|x64
		{FBE4CED9-3007-44B4-AABB-E49916DA09C1}.Release|x64.Build.0 = Release|x64
		{FBE4CED9-3007-44B4-AABB-E49916DA09C1}.Release|x86.ActiveCfg = Release|x86
		{FBE4CED9-3007-44B4-AABB-E49916DA09C1}.Release|x86.Build.0 = Release|x86
	EndGlobalSection
	GlobalSection(SolutionProperties) = preSolution
		HideSolutionNode = FALSE
	EndGlobalSection
	GlobalSection(ExtensibilityGlobals) = postSolution
		SolutionGuid = {B8E0C57D-C937-4CAB-B730-3C48D6B3AE37}
	EndGlobalSection
EndGlobal
